github.com/google/go-cmp v0.6.0 h1:ofyhxvXcZhMsU5ulbFiLKl/XBFqE1GSq7atu8tAmTRI=
github.com/google/go-cmp v0.6.0/go.mod h1:17dUlkBOakJ0+DkrSSNjCkIjxS6bF9zb3elmeNGIjoY=
github.com/mkch/gg v0.0.0-20250420115450-83650335f279 h1:/7czjjCCbmVZQP+qtDdUPwKmopzlphSRZq28337KRv8=
github.com/mkch/gg v0.0.0-20250420115450-83650335f279/go.mod h1:U5RQAS2LPwnWs/CX+LwZOioBmDcK3htt8yZe0PUAk04=
github.com/mkch/gg v0.0.0-20250504154157-7692da2ff454 h1:iiHoPsSTwlLOfS3z3/2hatIYwwSlWgBkwcPTIBfp/UY=
github.com/mkch/gg v0.0.0-20250504154157-7692da2ff454/go.mod h1:U5RQAS2LPwnWs/CX+LwZOioBmDcK3htt8yZe0PUAk04=
github.com/mkch/iter2 v0.0.0-20250422043347-0a8d32207b63 h1:vWVF1oPG4kIzAIsXFGi5EosxEs5Z7MhEr1HFEriqcGY=
github.com/mkch/iter2 v0.0.0-20250422043347-0a8d32207b63/go.mod h1:choU7msDB0XDRX4YaL6yS+NJ6K3lSyrsFAcgXvXkyPM=
golang.org/x/mod v0.24.0 h1:ZfthKaKaT4NrhGVZHO1/WDTwGES4De8KtWO0SIbNJMU=
golang.org/x/mod v0.24.0/go.mod h1:IXM97Txy2VM4PJ3gI61r1YEk/gAj6zAHN3AdZt6S9Ww=
golang.org/x/sync v0.13.0 h1:AauUjRAJ9OSnvULf/ARrrVywoJDy0YS2AwQ98I37610=
golang.org/x/sync v0.13.0/go.mod h1:1dzgHSNfp02xaA81J2MS99Qcpr2w7fw1gpm99rleRqA=
golang.org/x/tools v0.32.0 h1:Q7N1vhpkQv7ybVzLFtTjvQya2ewbwNDZzUgfXGqtMWU=
golang.org/x/tools v0.32.0/go.mod h1:ZxrU41P/wAbZD8EDa6dDCa6XfpkhJ7HFMjHJXfBDu8s=
